{
  "name": "kg-monaco-editor",
  "version": "0.0.1",
  "lockfileVersion": 3,
  "requires": true,
  "packages": {
    "": {
      "name": "kg-monaco-editor",
      "version": "0.0.1",
      "dependencies": {
        "tslib": "^2.3.0"
      },
      "peerDependencies": {
        "@angular/common": "^18.2.0",
        "@angular/core": "^18.2.0",
        "monaco-editor": "^0.52.0"
      }
    },
    "node_modules/@angular/common": {
      "version": "18.2.5",
      "resolved": "https://registry.npmjs.org/@angular/common/-/common-18.2.5.tgz",
      "integrity": "sha512-m+KJrtbFXTE36jP/po6UAMeUR/enQxRHpVGLCRcIcE7VWVH1ZcOvoW1yqh2A6k+KxWXeajlq/Z04nnMhcoxMRw==",
      "license": "MIT",
      "peer": true,
      "dependencies": {
        "tslib": "^2.3.0"
      },
      "engines": {
        "node": "^18.19.1 || ^20.11.1 || >=22.0.0"
      },
      "peerDependencies": {
        "@angular/core": "18.2.5",
        "rxjs": "^6.5.3 || ^7.4.0"
      }
    },
    "node_modules/@angular/core": {
      "version": "18.2.5",
      "resolved": "https://registry.npmjs.org/@angular/core/-/core-18.2.5.tgz",
      "integrity": "sha512-5BLVc5gXxzanQkADNS9WPsor3vNF5nQcyIHBi5VScErwM5vVZ7ATH1iZwaOg1ykDEVTFVhKDwD0X1aaqGDbhmQ==",
      "license": "MIT",
      "peer": true,
      "dependencies": {
        "tslib": "^2.3.0"
      },
      "engines": {
        "node": "^18.19.1 || ^20.11.1 || >=22.0.0"
      },
      "peerDependencies": {
        "rxjs": "^6.5.3 || ^7.4.0",
        "zone.js": "~0.14.10"
      }
    },
    "node_modules/monaco-editor": {
      "version": "0.52.0",
      "resolved": "https://registry.npmjs.org/monaco-editor/-/monaco-editor-0.52.0.tgz",
      "integrity": "sha512-OeWhNpABLCeTqubfqLMXGsqf6OmPU6pHM85kF3dhy6kq5hnhuVS1p3VrEW/XhWHc71P2tHyS5JFySD8mgs1crw==",
      "license": "MIT",
      "peer": true
    },
    "node_modules/rxjs": {
      "version": "7.8.1",
      "resolved": "https://registry.npmjs.org/rxjs/-/rxjs-7.8.1.tgz",
      "integrity": "sha512-AA3TVj+0A2iuIoQkWEK/tqFjBq2j+6PO6Y0zJcvzLAFhEFIO3HL0vls9hWLncZbAAbK0mar7oZ4V079I/qPMxg==",
      "license": "Apache-2.0",
      "peer": true,
      "dependencies": {
        "tslib": "^2.1.0"
      }
    },
    "node_modules/tslib": {
      "version": "2.7.0",
      "resolved": "https://registry.npmjs.org/tslib/-/tslib-2.7.0.tgz",
      "integrity": "sha512-gLXCKdN1/j47AiHiOkJN69hJmcbGTHI0ImLmbYLHykhgeN0jVGola9yVjFgzCUklsZQMW55o+dW7IXv3RCXDzA==",
      "license": "0BSD"
    },
    "node_modules/zone.js": {
      "version": "0.14.10",
      "resolved": "https://registry.npmjs.org/zone.js/-/zone.js-0.14.10.tgz",
      "integrity": "sha512-YGAhaO7J5ywOXW6InXNlLmfU194F8lVgu7bRntUF3TiG8Y3nBK0x1UJJuHUP/e8IyihkjCYqhCScpSwnlaSRkQ==",
      "license": "MIT",
      "peer": true
    }
  }
}
